
Microsoft Visual Studio Solution File, Format Version 12.00
# Visual Studio Version 17
VisualStudioVersion = 17.7.34031.279
MinimumVisualStudioVersion = 10.0.40219.1
Project("{FAE04EC0-301F-11D3-BF4B-00C04F79EFBC}") = "Echo", "Screenmate\Echo.csproj", "{E1E7E38B-0044-4BF2-B986-790E267C6DF0}"
EndProject
Project("{840C416C-B8F3-42BC-B0DD-F6BB14C9F8CB}") = "Setup Echo", "Setup\Setup Echo\Setup Echo.aiproj", "{DE5F2E29-8964-4A96-8E9F-3F894A4D52D8}"
EndProject
Global
	GlobalSection(SolutionConfigurationPlatforms) = preSolution
		Debug|Any CPU = Debug|Any CPU
		DefaultBuild|Any CPU = DefaultBuild|Any CPU
		Release|Any CPU = Release|Any CPU
	EndGlobalSection
	GlobalSection(ProjectConfigurationPlatforms) = postSolution
		{E1E7E38B-0044-4BF2-B986-790E267C6DF0}.Debug|Any CPU.ActiveCfg = Debug|Any CPU
		{E1E7E38B-0044-4BF2-B986-790E267C6DF0}.Debug|Any CPU.Build.0 = Debug|Any CPU
		{E1E7E38B-0044-4BF2-B986-790E267C6DF0}.DefaultBuild|Any CPU.ActiveCfg = Debug|Any CPU
		{E1E7E38B-0044-4BF2-B986-790E267C6DF0}.DefaultBuild|Any CPU.Build.0 = Debug|Any CPU
		{E1E7E38B-0044-4BF2-B986-790E267C6DF0}.Release|Any CPU.ActiveCfg = Release|Any CPU
		{E1E7E38B-0044-4BF2-B986-790E267C6DF0}.Release|Any CPU.Build.0 = Release|Any CPU
		{DE5F2E29-8964-4A96-8E9F-3F894A4D52D8}.Debug|Any CPU.ActiveCfg = DefaultBuild
		{DE5F2E29-8964-4A96-8E9F-3F894A4D52D8}.Debug|Any CPU.Build.0 = DefaultBuild
		{DE5F2E29-8964-4A96-8E9F-3F894A4D52D8}.DefaultBuild|Any CPU.ActiveCfg = DefaultBuild
		{DE5F2E29-8964-4A96-8E9F-3F894A4D52D8}.DefaultBuild|Any CPU.Build.0 = DefaultBuild
		{DE5F2E29-8964-4A96-8E9F-3F894A4D52D8}.Release|Any CPU.ActiveCfg = DefaultBuild
		{DE5F2E29-8964-4A96-8E9F-3F894A4D52D8}.Release|Any CPU.Build.0 = DefaultBuild
	EndGlobalSection
	GlobalSection(SolutionProperties) = preSolution
		HideSolutionNode = FALSE
	EndGlobalSection
	GlobalSection(ExtensibilityGlobals) = postSolution
		SolutionGuid = {3D514635-6CE7-4729-A0FC-3DA06D803410}
	EndGlobalSection
EndGlobal
